
Microsoft Visual Studio Solution File, Format Version 11.00
# Visual Studio 2010
Project("{FAE04EC0-301F-11D3-BF4B-00C04F79EFBC}") = "TestADMgr", "TestADMgr\TestADMgr.csproj", "{E6BA98EB-CCE2-4BB7-8E37-79CD942C4823}"
EndProject
Project("{FAE04EC0-301F-11D3-BF4B-00C04F79EFBC}") = "LP2Service", "LP2Service\LP2Service\LP2Service.csproj", "{636B5096-5499-46C2-BC6B-BFC33958CA2A}"
EndProject
Project("{FAE04EC0-301F-11D3-BF4B-00C04F79EFBC}") = "Simulator", "Simulator\Simulator.csproj", "{CF270DB8-D59E-4C5D-89D3-C37BCFE50556}"
EndProject
Project("{FAE04EC0-301F-11D3-BF4B-00C04F79EFBC}") = "Host", "Host\Host.csproj", "{0FD8D452-F48D-47DE-8659-6DEDBE2E463B}"
EndProject
Project("{FAE04EC0-301F-11D3-BF4B-00C04F79EFBC}") = "Scheduled_Analyzer", "Scheduled_Analyzer\Scheduled_Analyzer.csproj", "{ED52445D-CF0E-4E31-BB38-9264CCE6371E}"
EndProject
Project("{FAE04EC0-301F-11D3-BF4B-00C04F79EFBC}") = "DataTracManager", "DataTracManager\DataTracManager.csproj", "{5F094266-84DF-4E62-8E03-E29694679EF4}"
EndProject
Project("{FAE04EC0-301F-11D3-BF4B-00C04F79EFBC}") = "ADHelper", "..\SerivceCommon\ADHelper\ADHelper.csproj", "{E01BC47A-E0C1-4555-801C-FBFAA17CC39D}"
EndProject
Project("{FAE04EC0-301F-11D3-BF4B-00C04F79EFBC}") = "CardexHelper", "..\SerivceCommon\CardexHelper\CardexHelper.csproj", "{202EF5A6-9266-4DD6-B847-59641E277B0E}"
EndProject
Project("{FAE04EC0-301F-11D3-BF4B-00C04F79EFBC}") = "Common", "..\SerivceCommon\Common\Common.csproj", "{3BFABAB3-040A-41BF-82E3-76FF9609F04C}"
EndProject
Project("{FAE04EC0-301F-11D3-BF4B-00C04F79EFBC}") = "DataAccess", "..\SerivceCommon\DataAccess\DataAccess.csproj", "{E9624569-9DE9-4467-85FA-90B63EDB3B6D}"
EndProject
Project("{FAE04EC0-301F-11D3-BF4B-00C04F79EFBC}") = "EmailManager", "..\SerivceCommon\EmailManager\EmailManager.csproj", "{A295E946-7A5A-4819-9DF3-7F749758B568}"
EndProject
Project("{FAE04EC0-301F-11D3-BF4B-00C04F79EFBC}") = "MailChimpMgr", "..\SerivceCommon\MailChimpMgr\MailChimpMgr.csproj", "{EA7184AE-EE53-4CFC-AC58-96868E84F36E}"
EndProject
Project("{FAE04EC0-301F-11D3-BF4B-00C04F79EFBC}") = "MarketingMgr", "..\SerivceCommon\MarketingMgr\MarketingMgr.csproj", "{54D86BA8-3547-4E49-A19C-88E33B13B536}"
EndProject
Project("{FAE04EC0-301F-11D3-BF4B-00C04F79EFBC}") = "PointMgr", "..\SerivceCommon\PointMgr\PointMgr.csproj", "{1DFFB148-5223-4302-8ECC-E6CE6612CE0A}"
EndProject
Project("{FAE04EC0-301F-11D3-BF4B-00C04F79EFBC}") = "ReportManager", "..\SerivceCommon\ReportManager\ReportManager.csproj", "{D8D404F9-1CB6-4B1B-920C-02437605FEA4}"
EndProject
Project("{FAE04EC0-301F-11D3-BF4B-00C04F79EFBC}") = "RuleManager", "..\SerivceCommon\RuleManager\RuleManager.csproj", "{BCAB395F-FBA1-4EDD-B6D5-8C5929041877}"
EndProject
Project("{FAE04EC0-301F-11D3-BF4B-00C04F79EFBC}") = "UserManager", "..\SerivceCommon\UserManager\UserManager.csproj", "{D10D5284-2086-466E-B6CF-AB74946AAC54}"
EndProject
Project("{FAE04EC0-301F-11D3-BF4B-00C04F79EFBC}") = "Utilities", "..\SerivceCommon\Utilities\Utilities.csproj", "{2B6E7D0A-512C-4805-93BF-1E9C576EE373}"
EndProject
Project("{FAE04EC0-301F-11D3-BF4B-00C04F79EFBC}") = "WorkflowManager", "..\SerivceCommon\WorkflowManager\WorkflowManager.csproj", "{18A2C502-7234-4D45-AB17-C52474AB6C9B}"
EndProject
Global
	GlobalSection(SolutionConfigurationPlatforms) = preSolution
		Debug|Any CPU = Debug|Any CPU
		Debug|Mixed Platforms = Debug|Mixed Platforms
		Debug|x86 = Debug|x86
		Release|Any CPU = Release|Any CPU
		Release|Mixed Platforms = Release|Mixed Platforms
		Release|x86 = Release|x86
	EndGlobalSection
	GlobalSection(ProjectConfigurationPlatforms) = postSolution
		{E6BA98EB-CCE2-4BB7-8E37-79CD942C4823}.Debug|Any CPU.ActiveCfg = Debug|Any CPU
		{E6BA98EB-CCE2-4BB7-8E37-79CD942C4823}.Debug|Any CPU.Build.0 = Debug|Any CPU
		{E6BA98EB-CCE2-4BB7-8E37-79CD942C4823}.Debug|Mixed Platforms.ActiveCfg = Debug|Any CPU
		{E6BA98EB-CCE2-4BB7-8E37-79CD942C4823}.Debug|Mixed Platforms.Build.0 = Debug|Any CPU
		{E6BA98EB-CCE2-4BB7-8E37-79CD942C4823}.Debug|x86.ActiveCfg = Debug|Any CPU
		{E6BA98EB-CCE2-4BB7-8E37-79CD942C4823}.Release|Any CPU.ActiveCfg = Release|Any CPU
		{E6BA98EB-CCE2-4BB7-8E37-79CD942C4823}.Release|Any CPU.Build.0 = Release|Any CPU
		{E6BA98EB-CCE2-4BB7-8E37-79CD942C4823}.Release|Mixed Platforms.ActiveCfg = Release|Any CPU
		{E6BA98EB-CCE2-4BB7-8E37-79CD942C4823}.Release|Mixed Platforms.Build.0 = Release|Any CPU
		{E6BA98EB-CCE2-4BB7-8E37-79CD942C4823}.Release|x86.ActiveCfg = Release|x86
		{636B5096-5499-46C2-BC6B-BFC33958CA2A}.Debug|Any CPU.ActiveCfg = Debug|Any CPU
		{636B5096-5499-46C2-BC6B-BFC33958CA2A}.Debug|Any CPU.Build.0 = Debug|Any CPU
		{636B5096-5499-46C2-BC6B-BFC33958CA2A}.Debug|Mixed Platforms.ActiveCfg = Debug|x86
		{636B5096-5499-46C2-BC6B-BFC33958CA2A}.Debug|Mixed Platforms.Build.0 = Debug|x86
		{636B5096-5499-46C2-BC6B-BFC33958CA2A}.Debug|x86.ActiveCfg = Debug|Any CPU
		{636B5096-5499-46C2-BC6B-BFC33958CA2A}.Release|Any CPU.ActiveCfg = Release|Any CPU
		{636B5096-5499-46C2-BC6B-BFC33958CA2A}.Release|Any CPU.Build.0 = Release|Any CPU
		{636B5096-5499-46C2-BC6B-BFC33958CA2A}.Release|Mixed Platforms.ActiveCfg = Release|Any CPU
		{636B5096-5499-46C2-BC6B-BFC33958CA2A}.Release|Mixed Platforms.Build.0 = Release|Any CPU
		{636B5096-5499-46C2-BC6B-BFC33958CA2A}.Release|x86.ActiveCfg = Release|x86
		{CF270DB8-D59E-4C5D-89D3-C37BCFE50556}.Debug|Any CPU.ActiveCfg = Debug|x86
		{CF270DB8-D59E-4C5D-89D3-C37BCFE50556}.Debug|Mixed Platforms.ActiveCfg = Debug|x86
		{CF270DB8-D59E-4C5D-89D3-C37BCFE50556}.Debug|Mixed Platforms.Build.0 = Debug|x86
		{CF270DB8-D59E-4C5D-89D3-C37BCFE50556}.Debug|x86.ActiveCfg = Debug|x86
		{CF270DB8-D59E-4C5D-89D3-C37BCFE50556}.Debug|x86.Build.0 = Debug|x86
		{CF270DB8-D59E-4C5D-89D3-C37BCFE50556}.Release|Any CPU.ActiveCfg = Release|x86
		{CF270DB8-D59E-4C5D-89D3-C37BCFE50556}.Release|Mixed Platforms.ActiveCfg = Release|x86
		{CF270DB8-D59E-4C5D-89D3-C37BCFE50556}.Release|Mixed Platforms.Build.0 = Release|x86
		{CF270DB8-D59E-4C5D-89D3-C37BCFE50556}.Release|x86.ActiveCfg = Release|x86
		{CF270DB8-D59E-4C5D-89D3-C37BCFE50556}.Release|x86.Build.0 = Release|x86
		{0FD8D452-F48D-47DE-8659-6DEDBE2E463B}.Debug|Any CPU.ActiveCfg = Debug|x86
		{0FD8D452-F48D-47DE-8659-6DEDBE2E463B}.Debug|Mixed Platforms.ActiveCfg = Debug|x86
		{0FD8D452-F48D-47DE-8659-6DEDBE2E463B}.Debug|Mixed Platforms.Build.0 = Debug|x86
		{0FD8D452-F48D-47DE-8659-6DEDBE2E463B}.Debug|x86.ActiveCfg = Debug|x86
		{0FD8D452-F48D-47DE-8659-6DEDBE2E463B}.Debug|x86.Build.0 = Debug|x86
		{0FD8D452-F48D-47DE-8659-6DEDBE2E463B}.Release|Any CPU.ActiveCfg = Release|x86
		{0FD8D452-F48D-47DE-8659-6DEDBE2E463B}.Release|Mixed Platforms.ActiveCfg = Release|x86
		{0FD8D452-F48D-47DE-8659-6DEDBE2E463B}.Release|Mixed Platforms.Build.0 = Release|x86
		{0FD8D452-F48D-47DE-8659-6DEDBE2E463B}.Release|x86.ActiveCfg = Release|x86
		{0FD8D452-F48D-47DE-8659-6DEDBE2E463B}.Release|x86.Build.0 = Release|x86
		{ED52445D-CF0E-4E31-BB38-9264CCE6371E}.Debug|Any CPU.ActiveCfg = Debug|x86
		{ED52445D-CF0E-4E31-BB38-9264CCE6371E}.Debug|Mixed Platforms.ActiveCfg = Debug|x86
		{ED52445D-CF0E-4E31-BB38-9264CCE6371E}.Debug|Mixed Platforms.Build.0 = Debug|x86
		{ED52445D-CF0E-4E31-BB38-9264CCE6371E}.Debug|x86.ActiveCfg = Debug|x86
		{ED52445D-CF0E-4E31-BB38-9264CCE6371E}.Debug|x86.Build.0 = Debug|x86
		{ED52445D-CF0E-4E31-BB38-9264CCE6371E}.Release|Any CPU.ActiveCfg = Release|x86
		{ED52445D-CF0E-4E31-BB38-9264CCE6371E}.Release|Mixed Platforms.ActiveCfg = Release|x86
		{ED52445D-CF0E-4E31-BB38-9264CCE6371E}.Release|Mixed Platforms.Build.0 = Release|x86
		{ED52445D-CF0E-4E31-BB38-9264CCE6371E}.Release|x86.ActiveCfg = Release|x86
		{ED52445D-CF0E-4E31-BB38-9264CCE6371E}.Release|x86.Build.0 = Release|x86
		{5F094266-84DF-4E62-8E03-E29694679EF4}.Debug|Any CPU.ActiveCfg = Debug|Any CPU
		{5F094266-84DF-4E62-8E03-E29694679EF4}.Debug|Any CPU.Build.0 = Debug|Any CPU
		{5F094266-84DF-4E62-8E03-E29694679EF4}.Debug|Mixed Platforms.ActiveCfg = Debug|x86
		{5F094266-84DF-4E62-8E03-E29694679EF4}.Debug|Mixed Platforms.Build.0 = Debug|x86
		{5F094266-84DF-4E62-8E03-E29694679EF4}.Debug|x86.ActiveCfg = Debug|Any CPU
		{5F094266-84DF-4E62-8E03-E29694679EF4}.Release|Any CPU.ActiveCfg = Release|Any CPU
		{5F094266-84DF-4E62-8E03-E29694679EF4}.Release|Any CPU.Build.0 = Release|Any CPU
		{5F094266-84DF-4E62-8E03-E29694679EF4}.Release|Mixed Platforms.ActiveCfg = Release|Any CPU
		{5F094266-84DF-4E62-8E03-E29694679EF4}.Release|Mixed Platforms.Build.0 = Release|Any CPU
		{5F094266-84DF-4E62-8E03-E29694679EF4}.Release|x86.ActiveCfg = Release|x86
		{E01BC47A-E0C1-4555-801C-FBFAA17CC39D}.Debug|Any CPU.ActiveCfg = Debug|Any CPU
		{E01BC47A-E0C1-4555-801C-FBFAA17CC39D}.Debug|Any CPU.Build.0 = Debug|Any CPU
		{E01BC47A-E0C1-4555-801C-FBFAA17CC39D}.Debug|Mixed Platforms.ActiveCfg = Debug|x86
		{E01BC47A-E0C1-4555-801C-FBFAA17CC39D}.Debug|Mixed Platforms.Build.0 = Debug|x86
		{E01BC47A-E0C1-4555-801C-FBFAA17CC39D}.Debug|x86.ActiveCfg = Debug|x86
		{E01BC47A-E0C1-4555-801C-FBFAA17CC39D}.Debug|x86.Build.0 = Debug|x86
		{E01BC47A-E0C1-4555-801C-FBFAA17CC39D}.Release|Any CPU.ActiveCfg = Release|Any CPU
		{E01BC47A-E0C1-4555-801C-FBFAA17CC39D}.Release|Any CPU.Build.0 = Release|Any CPU
		{E01BC47A-E0C1-4555-801C-FBFAA17CC39D}.Release|Mixed Platforms.ActiveCfg = Release|x86
		{E01BC47A-E0C1-4555-801C-FBFAA17CC39D}.Release|Mixed Platforms.Build.0 = Release|x86
		{E01BC47A-E0C1-4555-801C-FBFAA17CC39D}.Release|x86.ActiveCfg = Release|x86
		{E01BC47A-E0C1-4555-801C-FBFAA17CC39D}.Release|x86.Build.0 = Release|x86
		{202EF5A6-9266-4DD6-B847-59641E277B0E}.Debug|Any CPU.ActiveCfg = Debug|Any CPU
		{202EF5A6-9266-4DD6-B847-59641E277B0E}.Debug|Any CPU.Build.0 = Debug|Any CPU
		{202EF5A6-9266-4DD6-B847-59641E277B0E}.Debug|Mixed Platforms.ActiveCfg = Debug|x86
		{202EF5A6-9266-4DD6-B847-59641E277B0E}.Debug|Mixed Platforms.Build.0 = Debug|x86
		{202EF5A6-9266-4DD6-B847-59641E277B0E}.Debug|x86.ActiveCfg = Debug|x86
		{202EF5A6-9266-4DD6-B847-59641E277B0E}.Debug|x86.Build.0 = Debug|x86
		{202EF5A6-9266-4DD6-B847-59641E277B0E}.Release|Any CPU.ActiveCfg = Release|Any CPU
		{202EF5A6-9266-4DD6-B847-59641E277B0E}.Release|Any CPU.Build.0 = Release|Any CPU
		{202EF5A6-9266-4DD6-B847-59641E277B0E}.Release|Mixed Platforms.ActiveCfg = Release|x86
		{202EF5A6-9266-4DD6-B847-59641E277B0E}.Release|Mixed Platforms.Build.0 = Release|x86
		{202EF5A6-9266-4DD6-B847-59641E277B0E}.Release|x86.ActiveCfg = Release|x86
		{202EF5A6-9266-4DD6-B847-59641E277B0E}.Release|x86.Build.0 = Release|x86
		{3BFABAB3-040A-41BF-82E3-76FF9609F04C}.Debug|Any CPU.ActiveCfg = Debug|Any CPU
		{3BFABAB3-040A-41BF-82E3-76FF9609F04C}.Debug|Any CPU.Build.0 = Debug|Any CPU
		{3BFABAB3-040A-41BF-82E3-76FF9609F04C}.Debug|Mixed Platforms.ActiveCfg = Debug|x86
		{3BFABAB3-040A-41BF-82E3-76FF9609F04C}.Debug|Mixed Platforms.Build.0 = Debug|x86
		{3BFABAB3-040A-41BF-82E3-76FF9609F04C}.Debug|x86.ActiveCfg = Debug|x86
		{3BFABAB3-040A-41BF-82E3-76FF9609F04C}.Debug|x86.Build.0 = Debug|x86
		{3BFABAB3-040A-41BF-82E3-76FF9609F04C}.Release|Any CPU.ActiveCfg = Release|Any CPU
		{3BFABAB3-040A-41BF-82E3-76FF9609F04C}.Release|Any CPU.Build.0 = Release|Any CPU
		{3BFABAB3-040A-41BF-82E3-76FF9609F04C}.Release|Mixed Platforms.ActiveCfg = Release|x86
		{3BFABAB3-040A-41BF-82E3-76FF9609F04C}.Release|Mixed Platforms.Build.0 = Release|x86
		{3BFABAB3-040A-41BF-82E3-76FF9609F04C}.Release|x86.ActiveCfg = Release|x86
		{3BFABAB3-040A-41BF-82E3-76FF9609F04C}.Release|x86.Build.0 = Release|x86
		{E9624569-9DE9-4467-85FA-90B63EDB3B6D}.Debug|Any CPU.ActiveCfg = Debug|Any CPU
		{E9624569-9DE9-4467-85FA-90B63EDB3B6D}.Debug|Any CPU.Build.0 = Debug|Any CPU
		{E9624569-9DE9-4467-85FA-90B63EDB3B6D}.Debug|Mixed Platforms.ActiveCfg = Debug|x86
		{E9624569-9DE9-4467-85FA-90B63EDB3B6D}.Debug|Mixed Platforms.Build.0 = Debug|x86
		{E9624569-9DE9-4467-85FA-90B63EDB3B6D}.Debug|x86.ActiveCfg = Debug|x86
		{E9624569-9DE9-4467-85FA-90B63EDB3B6D}.Debug|x86.Build.0 = Debug|x86
		{E9624569-9DE9-4467-85FA-90B63EDB3B6D}.Release|Any CPU.ActiveCfg = Release|Any CPU
		{E9624569-9DE9-4467-85FA-90B63EDB3B6D}.Release|Any CPU.Build.0 = Release|Any CPU
		{E9624569-9DE9-4467-85FA-90B63EDB3B6D}.Release|Mixed Platforms.ActiveCfg = Release|x86
		{E9624569-9DE9-4467-85FA-90B63EDB3B6D}.Release|Mixed Platforms.Build.0 = Release|x86
		{E9624569-9DE9-4467-85FA-90B63EDB3B6D}.Release|x86.ActiveCfg = Release|x86
		{E9624569-9DE9-4467-85FA-90B63EDB3B6D}.Release|x86.Build.0 = Release|x86
		{A295E946-7A5A-4819-9DF3-7F749758B568}.Debug|Any CPU.ActiveCfg = Debug|Any CPU
		{A295E946-7A5A-4819-9DF3-7F749758B568}.Debug|Any CPU.Build.0 = Debug|Any CPU
		{A295E946-7A5A-4819-9DF3-7F749758B568}.Debug|Mixed Platforms.ActiveCfg = Debug|x86
		{A295E946-7A5A-4819-9DF3-7F749758B568}.Debug|Mixed Platforms.Build.0 = Debug|x86
		{A295E946-7A5A-4819-9DF3-7F749758B568}.Debug|x86.ActiveCfg = Debug|x86
		{A295E946-7A5A-4819-9DF3-7F749758B568}.Debug|x86.Build.0 = Debug|x86
		{A295E946-7A5A-4819-9DF3-7F749758B568}.Release|Any CPU.ActiveCfg = Release|Any CPU
		{A295E946-7A5A-4819-9DF3-7F749758B568}.Release|Any CPU.Build.0 = Release|Any CPU
		{A295E946-7A5A-4819-9DF3-7F749758B568}.Release|Mixed Platforms.ActiveCfg = Release|x86
		{A295E946-7A5A-4819-9DF3-7F749758B568}.Release|Mixed Platforms.Build.0 = Release|x86
		{A295E946-7A5A-4819-9DF3-7F749758B568}.Release|x86.ActiveCfg = Release|x86
		{A295E946-7A5A-4819-9DF3-7F749758B568}.Release|x86.Build.0 = Release|x86
		{EA7184AE-EE53-4CFC-AC58-96868E84F36E}.Debug|Any CPU.ActiveCfg = Debug|Any CPU
		{EA7184AE-EE53-4CFC-AC58-96868E84F36E}.Debug|Any CPU.Build.0 = Debug|Any CPU
		{EA7184AE-EE53-4CFC-AC58-96868E84F36E}.Debug|Mixed Platforms.ActiveCfg = Debug|Any CPU
		{EA7184AE-EE53-4CFC-AC58-96868E84F36E}.Debug|Mixed Platforms.Build.0 = Debug|Any CPU
		{EA7184AE-EE53-4CFC-AC58-96868E84F36E}.Debug|x86.ActiveCfg = Debug|Any CPU
		{EA7184AE-EE53-4CFC-AC58-96868E84F36E}.Release|Any CPU.ActiveCfg = Release|Any CPU
		{EA7184AE-EE53-4CFC-AC58-96868E84F36E}.Release|Any CPU.Build.0 = Release|Any CPU
		{EA7184AE-EE53-4CFC-AC58-96868E84F36E}.Release|Mixed Platforms.ActiveCfg = Release|Any CPU
		{EA7184AE-EE53-4CFC-AC58-96868E84F36E}.Release|Mixed Platforms.Build.0 = Release|Any CPU
		{EA7184AE-EE53-4CFC-AC58-96868E84F36E}.Release|x86.ActiveCfg = Release|Any CPU
		{54D86BA8-3547-4E49-A19C-88E33B13B536}.Debug|Any CPU.ActiveCfg = Debug|Any CPU
		{54D86BA8-3547-4E49-A19C-88E33B13B536}.Debug|Any CPU.Build.0 = Debug|Any CPU
		{54D86BA8-3547-4E49-A19C-88E33B13B536}.Debug|Mixed Platforms.ActiveCfg = Debug|x86
		{54D86BA8-3547-4E49-A19C-88E33B13B536}.Debug|Mixed Platforms.Build.0 = Debug|x86
		{54D86BA8-3547-4E49-A19C-88E33B13B536}.Debug|x86.ActiveCfg = Debug|x86
		{54D86BA8-3547-4E49-A19C-88E33B13B536}.Debug|x86.Build.0 = Debug|x86
		{54D86BA8-3547-4E49-A19C-88E33B13B536}.Release|Any CPU.ActiveCfg = Release|Any CPU
		{54D86BA8-3547-4E49-A19C-88E33B13B536}.Release|Any CPU.Build.0 = Release|Any CPU
		{54D86BA8-3547-4E49-A19C-88E33B13B536}.Release|Mixed Platforms.ActiveCfg = Release|x86
		{54D86BA8-3547-4E49-A19C-88E33B13B536}.Release|Mixed Platforms.Build.0 = Release|x86
		{54D86BA8-3547-4E49-A19C-88E33B13B536}.Release|x86.ActiveCfg = Release|x86
		{54D86BA8-3547-4E49-A19C-88E33B13B536}.Release|x86.Build.0 = Release|x86
		{1DFFB148-5223-4302-8ECC-E6CE6612CE0A}.Debug|Any CPU.ActiveCfg = Debug|Any CPU
		{1DFFB148-5223-4302-8ECC-E6CE6612CE0A}.Debug|Any CPU.Build.0 = Debug|Any CPU
		{1DFFB148-5223-4302-8ECC-E6CE6612CE0A}.Debug|Mixed Platforms.ActiveCfg = Debug|x86
		{1DFFB148-5223-4302-8ECC-E6CE6612CE0A}.Debug|Mixed Platforms.Build.0 = Debug|x86
		{1DFFB148-5223-4302-8ECC-E6CE6612CE0A}.Debug|x86.ActiveCfg = Debug|x86
		{1DFFB148-5223-4302-8ECC-E6CE6612CE0A}.Debug|x86.Build.0 = Debug|x86
		{1DFFB148-5223-4302-8ECC-E6CE6612CE0A}.Release|Any CPU.ActiveCfg = Release|Any CPU
		{1DFFB148-5223-4302-8ECC-E6CE6612CE0A}.Release|Any CPU.Build.0 = Release|Any CPU
		{1DFFB148-5223-4302-8ECC-E6CE6612CE0A}.Release|Mixed Platforms.ActiveCfg = Release|x86
		{1DFFB148-5223-4302-8ECC-E6CE6612CE0A}.Release|Mixed Platforms.Build.0 = Release|x86
		{1DFFB148-5223-4302-8ECC-E6CE6612CE0A}.Release|x86.ActiveCfg = Release|x86
		{1DFFB148-5223-4302-8ECC-E6CE6612CE0A}.Release|x86.Build.0 = Release|x86
		{D8D404F9-1CB6-4B1B-920C-02437605FEA4}.Debug|Any CPU.ActiveCfg = Debug|Any CPU
		{D8D404F9-1CB6-4B1B-920C-02437605FEA4}.Debug|Any CPU.Build.0 = Debug|Any CPU
		{D8D404F9-1CB6-4B1B-920C-02437605FEA4}.Debug|Mixed Platforms.ActiveCfg = Debug|x86
		{D8D404F9-1CB6-4B1B-920C-02437605FEA4}.Debug|Mixed Platforms.Build.0 = Debug|x86
		{D8D404F9-1CB6-4B1B-920C-02437605FEA4}.Debug|x86.ActiveCfg = Debug|x86
		{D8D404F9-1CB6-4B1B-920C-02437605FEA4}.Debug|x86.Build.0 = Debug|x86
		{D8D404F9-1CB6-4B1B-920C-02437605FEA4}.Release|Any CPU.ActiveCfg = Release|Any CPU
		{D8D404F9-1CB6-4B1B-920C-02437605FEA4}.Release|Any CPU.Build.0 = Release|Any CPU
		{D8D404F9-1CB6-4B1B-920C-02437605FEA4}.Release|Mixed Platforms.ActiveCfg = Release|x86
		{D8D404F9-1CB6-4B1B-920C-02437605FEA4}.Release|Mixed Platforms.Build.0 = Release|x86
		{D8D404F9-1CB6-4B1B-920C-02437605FEA4}.Release|x86.ActiveCfg = Release|x86
		{D8D404F9-1CB6-4B1B-920C-02437605FEA4}.Release|x86.Build.0 = Release|x86
		{BCAB395F-FBA1-4EDD-B6D5-8C5929041877}.Debug|Any CPU.ActiveCfg = Debug|Any CPU
		{BCAB395F-FBA1-4EDD-B6D5-8C5929041877}.Debug|Any CPU.Build.0 = Debug|Any CPU
		{BCAB395F-FBA1-4EDD-B6D5-8C5929041877}.Debug|Mixed Platforms.ActiveCfg = Debug|x86
		{BCAB395F-FBA1-4EDD-B6D5-8C5929041877}.Debug|Mixed Platforms.Build.0 = Debug|x86
		{BCAB395F-FBA1-4EDD-B6D5-8C5929041877}.Debug|x86.ActiveCfg = Debug|x86
		{BCAB395F-FBA1-4EDD-B6D5-8C5929041877}.Debug|x86.Build.0 = Debug|x86
		{BCAB395F-FBA1-4EDD-B6D5-8C5929041877}.Release|Any CPU.ActiveCfg = Release|Any CPU
		{BCAB395F-FBA1-4EDD-B6D5-8C5929041877}.Release|Any CPU.Build.0 = Release|Any CPU
		{BCAB395F-FBA1-4EDD-B6D5-8C5929041877}.Release|Mixed Platforms.ActiveCfg = Release|x86
		{BCAB395F-FBA1-4EDD-B6D5-8C5929041877}.Release|Mixed Platforms.Build.0 = Release|x86
		{BCAB395F-FBA1-4EDD-B6D5-8C5929041877}.Release|x86.ActiveCfg = Release|x86
		{BCAB395F-FBA1-4EDD-B6D5-8C5929041877}.Release|x86.Build.0 = Release|x86
		{D10D5284-2086-466E-B6CF-AB74946AAC54}.Debug|Any CPU.ActiveCfg = Debug|Any CPU
		{D10D5284-2086-466E-B6CF-AB74946AAC54}.Debug|Any CPU.Build.0 = Debug|Any CPU
		{D10D5284-2086-466E-B6CF-AB74946AAC54}.Debug|Mixed Platforms.ActiveCfg = Debug|x86
		{D10D5284-2086-466E-B6CF-AB74946AAC54}.Debug|Mixed Platforms.Build.0 = Debug|x86
		{D10D5284-2086-466E-B6CF-AB74946AAC54}.Debug|x86.ActiveCfg = Debug|x86
		{D10D5284-2086-466E-B6CF-AB74946AAC54}.Debug|x86.Build.0 = Debug|x86
		{D10D5284-2086-466E-B6CF-AB74946AAC54}.Release|Any CPU.ActiveCfg = Release|Any CPU
		{D10D5284-2086-466E-B6CF-AB74946AAC54}.Release|Any CPU.Build.0 = Release|Any CPU
		{D10D5284-2086-466E-B6CF-AB74946AAC54}.Release|Mixed Platforms.ActiveCfg = Release|x86
		{D10D5284-2086-466E-B6CF-AB74946AAC54}.Release|Mixed Platforms.Build.0 = Release|x86
		{D10D5284-2086-466E-B6CF-AB74946AAC54}.Release|x86.ActiveCfg = Release|x86
		{D10D5284-2086-466E-B6CF-AB74946AAC54}.Release|x86.Build.0 = Release|x86
		{2B6E7D0A-512C-4805-93BF-1E9C576EE373}.Debug|Any CPU.ActiveCfg = Debug|Any CPU
		{2B6E7D0A-512C-4805-93BF-1E9C576EE373}.Debug|Any CPU.Build.0 = Debug|Any CPU
		{2B6E7D0A-512C-4805-93BF-1E9C576EE373}.Debug|Mixed Platforms.ActiveCfg = Debug|x86
		{2B6E7D0A-512C-4805-93BF-1E9C576EE373}.Debug|Mixed Platforms.Build.0 = Debug|x86
		{2B6E7D0A-512C-4805-93BF-1E9C576EE373}.Debug|x86.ActiveCfg = Debug|x86
		{2B6E7D0A-512C-4805-93BF-1E9C576EE373}.Debug|x86.Build.0 = Debug|x86
		{2B6E7D0A-512C-4805-93BF-1E9C576EE373}.Release|Any CPU.ActiveCfg = Release|Any CPU
		{2B6E7D0A-512C-4805-93BF-1E9C576EE373}.Release|Any CPU.Build.0 = Release|Any CPU
		{2B6E7D0A-512C-4805-93BF-1E9C576EE373}.Release|Mixed Platforms.ActiveCfg = Release|x86
		{2B6E7D0A-512C-4805-93BF-1E9C576EE373}.Release|Mixed Platforms.Build.0 = Release|x86
		{2B6E7D0A-512C-4805-93BF-1E9C576EE373}.Release|x86.ActiveCfg = Release|x86
		{2B6E7D0A-512C-4805-93BF-1E9C576EE373}.Release|x86.Build.0 = Release|x86
		{18A2C502-7234-4D45-AB17-C52474AB6C9B}.Debug|Any CPU.ActiveCfg = Debug|Any CPU
		{18A2C502-7234-4D45-AB17-C52474AB6C9B}.Debug|Any CPU.Build.0 = Debug|Any CPU
		{18A2C502-7234-4D45-AB17-C52474AB6C9B}.Debug|Mixed Platforms.ActiveCfg = Debug|x86
		{18A2C502-7234-4D45-AB17-C52474AB6C9B}.Debug|Mixed Platforms.Build.0 = Debug|x86
		{18A2C502-7234-4D45-AB17-C52474AB6C9B}.Debug|x86.ActiveCfg = Debug|x86
		{18A2C502-7234-4D45-AB17-C52474AB6C9B}.Debug|x86.Build.0 = Debug|x86
		{18A2C502-7234-4D45-AB17-C52474AB6C9B}.Release|Any CPU.ActiveCfg = Release|Any CPU
		{18A2C502-7234-4D45-AB17-C52474AB6C9B}.Release|Any CPU.Build.0 = Release|Any CPU
		{18A2C502-7234-4D45-AB17-C52474AB6C9B}.Release|Mixed Platforms.ActiveCfg = Release|x86
		{18A2C502-7234-4D45-AB17-C52474AB6C9B}.Release|Mixed Platforms.Build.0 = Release|x86
		{18A2C502-7234-4D45-AB17-C52474AB6C9B}.Release|x86.ActiveCfg = Release|x86
		{18A2C502-7234-4D45-AB17-C52474AB6C9B}.Release|x86.Build.0 = Release|x86
	EndGlobalSection
	GlobalSection(SolutionProperties) = preSolution
		HideSolutionNode = FALSE
	EndGlobalSection
EndGlobal
